
Microsoft Visual Studio Solution File, Format Version 12.00
# Visual Studio Version 17
VisualStudioVersion = 17.5.33414.496
MinimumVisualStudioVersion = 10.0.40219.1
Project("{FAE04EC0-301F-11D3-BF4B-00C04F79EFBC}") = "TicketSystem", "TicketSystem\TicketSystem.csproj", "{EFD521B4-EE29-4F80-A364-2040C9732170}"
EndProject
Global
	GlobalSection(SolutionConfigurationPlatforms) = preSolution
		Debug|Any CPU = Debug|Any CPU
		Release|Any CPU = Release|Any CPU
	EndGlobalSection
	GlobalSection(ProjectConfigurationPlatforms) = postSolution
		{EFD521B4-EE29-4F80-A364-2040C9732170}.Debug|Any CPU.ActiveCfg = Debug|Any CPU
		{EFD521B4-EE29-4F80-A364-2040C9732170}.Debug|Any CPU.Build.0 = Debug|Any CPU
		{EFD521B4-EE29-4F80-A364-2040C9732170}.Release|Any CPU.ActiveCfg = Release|Any CPU
		{EFD521B4-EE29-4F80-A364-2040C9732170}.Release|Any CPU.Build.0 = Release|Any CPU
	EndGlobalSection
	GlobalSection(SolutionProperties) = preSolution
		HideSolutionNode = FALSE
	EndGlobalSection
	GlobalSection(ExtensibilityGlobals) = postSolution
		SolutionGuid = {99620C9F-65FE-44ED-8F90-74B0D484BD62}
	EndGlobalSection
EndGlobal
